github.com/libp2p/go-buffer-pool v0.0.1 h1:9Rrn/H46cXjaA2HQ5Y8lyhOS1NhTkZ4yuEs2r3Eechg=
github.com/libp2p/go-buffer-pool v0.0.1/go.mod h1:xtyIz9PMobb13WaxR6Zo1Pd1zXJKYg0a8KiIvDp3TzQ=
github.com/libp2p/go-buffer-pool v0.0.2 h1:QNK2iAFa8gjAe1SPz6mHSMuCcjs+X1wlHzeOSqcmlfs=
github.com/libp2p/go-buffer-pool v0.0.2/go.mod h1:MvaB6xw5vOrDl8rYZGLFdKAuk/hRoRZd1Vi32+RXyFM=
